// !$*UTF8*$!
{
	archiveVersion = 1;
	classes = {
	};
	objectVersion = 50;
	objects = {

/* Begin PBXBuildFile section */
		534B3D932564D834002C5F85 /* AppDelegate.swift in Sources */ = {isa = PBXBuildFile; fileRef = 534B3D922564D834002C5F85 /* AppDelegate.swift */; };
		534B3D952564D834002C5F85 /* SceneDelegate.swift in Sources */ = {isa = PBXBuildFile; fileRef = 534B3D942564D834002C5F85 /* SceneDelegate.swift */; };
		534B3D9A2564D834002C5F85 /* Main.storyboard in Resources */ = {isa = PBXBuildFile; fileRef = 534B3D982564D834002C5F85 /* Main.storyboard */; };
		534B3D9C2564D835002C5F85 /* Assets.xcassets in Resources */ = {isa = PBXBuildFile; fileRef = 534B3D9B2564D835002C5F85 /* Assets.xcassets */; };
		534B3D9F2564D835002C5F85 /* LaunchScreen.storyboard in Resources */ = {isa = PBXBuildFile; fileRef = 534B3D9D2564D835002C5F85 /* LaunchScreen.storyboard */; };
		534B3DAA2564D835002C5F85 /* movie_appTests.swift in Sources */ = {isa = PBXBuildFile; fileRef = 534B3DA92564D835002C5F85 /* movie_appTests.swift */; };
		534B3DB52564D835002C5F85 /* movie_appUITests.swift in Sources */ = {isa = PBXBuildFile; fileRef = 534B3DB42564D835002C5F85 /* movie_appUITests.swift */; };
		534B3DDE2565EC0B002C5F85 /* NetworkManager.swift in Sources */ = {isa = PBXBuildFile; fileRef = 534B3DDD2565EC0B002C5F85 /* NetworkManager.swift */; };
		534B3DE62565ECC7002C5F85 /* ApiResponses.swift in Sources */ = {isa = PBXBuildFile; fileRef = 534B3DE52565ECC7002C5F85 /* ApiResponses.swift */; };
		534B3DF62566D4BA002C5F85 /* MainTabViewController.swift in Sources */ = {isa = PBXBuildFile; fileRef = 534B3DF52566D4BA002C5F85 /* MainTabViewController.swift */; };
		534B3DFB2566E0B6002C5F85 /* ShowsViewController.swift in Sources */ = {isa = PBXBuildFile; fileRef = 534B3DFA2566E0B6002C5F85 /* ShowsViewController.swift */; };
		534B3E002566E1C0002C5F85 /* FavoritesTableViewController.swift in Sources */ = {isa = PBXBuildFile; fileRef = 534B3DFF2566E1C0002C5F85 /* FavoritesTableViewController.swift */; };
/* End PBXBuildFile section */

/* Begin PBXContainerItemProxy section */
		534B3DA62564D835002C5F85 /* PBXContainerItemProxy */ = {
			isa = PBXContainerItemProxy;
			containerPortal = 534B3D872564D834002C5F85 /* Project object */;
			proxyType = 1;
			remoteGlobalIDString = 534B3D8E2564D834002C5F85;
			remoteInfo = movie_app;
		};
		534B3DB12564D835002C5F85 /* PBXContainerItemProxy */ = {
			isa = PBXContainerItemProxy;
			containerPortal = 534B3D872564D834002C5F85 /* Project object */;
			proxyType = 1;
			remoteGlobalIDString = 534B3D8E2564D834002C5F85;
			remoteInfo = movie_app;
		};
/* End PBXContainerItemProxy section */

/* Begin PBXFileReference section */
		534B3D8F2564D834002C5F85 /* movie_app.app */ = {isa = PBXFileReference; explicitFileType = wrapper.application; includeInIndex = 0; path = movie_app.app; sourceTree = BUILT_PRODUCTS_DIR; };
		534B3D922564D834002C5F85 /* AppDelegate.swift */ = {isa = PBXFileReference; lastKnownFileType = sourcecode.swift; path = AppDelegate.swift; sourceTree = "<group>"; };
		534B3D942564D834002C5F85 /* SceneDelegate.swift */ = {isa = PBXFileReference; lastKnownFileType = sourcecode.swift; path = SceneDelegate.swift; sourceTree = "<group>"; };
		534B3D992564D834002C5F85 /* Base */ = {isa = PBXFileReference; lastKnownFileType = file.storyboard; name = Base; path = Base.lproj/Main.storyboard; sourceTree = "<group>"; };
		534B3D9B2564D835002C5F85 /* Assets.xcassets */ = {isa = PBXFileReference; lastKnownFileType = folder.assetcatalog; path = Assets.xcassets; sourceTree = "<group>"; };
		534B3D9E2564D835002C5F85 /* Base */ = {isa = PBXFileReference; lastKnownFileType = file.storyboard; name = Base; path = Base.lproj/LaunchScreen.storyboard; sourceTree = "<group>"; };
		534B3DA02564D835002C5F85 /* Info.plist */ = {isa = PBXFileReference; lastKnownFileType = text.plist.xml; path = Info.plist; sourceTree = "<group>"; };
		534B3DA52564D835002C5F85 /* movie_appTests.xctest */ = {isa = PBXFileReference; explicitFileType = wrapper.cfbundle; includeInIndex = 0; path = movie_appTests.xctest; sourceTree = BUILT_PRODUCTS_DIR; };
		534B3DA92564D835002C5F85 /* movie_appTests.swift */ = {isa = PBXFileReference; lastKnownFileType = sourcecode.swift; path = movie_appTests.swift; sourceTree = "<group>"; };
		534B3DAB2564D835002C5F85 /* Info.plist */ = {isa = PBXFileReference; lastKnownFileType = text.plist.xml; path = Info.plist; sourceTree = "<group>"; };
		534B3DB02564D835002C5F85 /* movie_appUITests.xctest */ = {isa = PBXFileReference; explicitFileType = wrapper.cfbundle; includeInIndex = 0; path = movie_appUITests.xctest; sourceTree = BUILT_PRODUCTS_DIR; };
		534B3DB42564D835002C5F85 /* movie_appUITests.swift */ = {isa = PBXFileReference; lastKnownFileType = sourcecode.swift; path = movie_appUITests.swift; sourceTree = "<group>"; };
		534B3DB62564D835002C5F85 /* Info.plist */ = {isa = PBXFileReference; lastKnownFileType = text.plist.xml; path = Info.plist; sourceTree = "<group>"; };
		534B3DDD2565EC0B002C5F85 /* NetworkManager.swift */ = {isa = PBXFileReference; lastKnownFileType = sourcecode.swift; path = NetworkManager.swift; sourceTree = "<group>"; };
		534B3DE52565ECC7002C5F85 /* ApiResponses.swift */ = {isa = PBXFileReference; lastKnownFileType = sourcecode.swift; path = ApiResponses.swift; sourceTree = "<group>"; };
		534B3DF52566D4BA002C5F85 /* MainTabViewController.swift */ = {isa = PBXFileReference; lastKnownFileType = sourcecode.swift; path = MainTabViewController.swift; sourceTree = "<group>"; };
		534B3DFA2566E0B6002C5F85 /* ShowsViewController.swift */ = {isa = PBXFileReference; lastKnownFileType = sourcecode.swift; path = ShowsViewController.swift; sourceTree = "<group>"; };
		534B3DFF2566E1C0002C5F85 /* FavoritesTableViewController.swift */ = {isa = PBXFileReference; lastKnownFileType = sourcecode.swift; path = FavoritesTableViewController.swift; sourceTree = "<group>"; };
/* End PBXFileReference section */

/* Begin PBXFrameworksBuildPhase section */
		534B3D8C2564D834002C5F85 /* Frameworks */ = {
			isa = PBXFrameworksBuildPhase;
			buildActionMask = 2147483647;
			files = (
			);
			runOnlyForDeploymentPostprocessing = 0;
		};
		534B3DA22564D835002C5F85 /* Frameworks */ = {
			isa = PBXFrameworksBuildPhase;
			buildActionMask = 2147483647;
			files = (
			);
			runOnlyForDeploymentPostprocessing = 0;
		};
		534B3DAD2564D835002C5F85 /* Frameworks */ = {
			isa = PBXFrameworksBuildPhase;
			buildActionMask = 2147483647;
			files = (
			);
			runOnlyForDeploymentPostprocessing = 0;
		};
/* End PBXFrameworksBuildPhase section */

/* Begin PBXGroup section */
		534B3D862564D834002C5F85 = {
			isa = PBXGroup;
			children = (
				534B3D912564D834002C5F85 /* movie_app */,
				534B3DA82564D835002C5F85 /* movie_appTests */,
				534B3DB32564D835002C5F85 /* movie_appUITests */,
				534B3D902564D834002C5F85 /* Products */,
			);
			sourceTree = "<group>";
		};
		534B3D902564D834002C5F85 /* Products */ = {
			isa = PBXGroup;
			children = (
				534B3D8F2564D834002C5F85 /* movie_app.app */,
				534B3DA52564D835002C5F85 /* movie_appTests.xctest */,
				534B3DB02564D835002C5F85 /* movie_appUITests.xctest */,
			);
			name = Products;
			sourceTree = "<group>";
		};
		534B3D912564D834002C5F85 /* movie_app */ = {
			isa = PBXGroup;
			children = (
				534B3DDC2565EBCD002C5F85 /* Networking */,
				534B3DD62565EB4E002C5F85 /* Controllers */,
				534B3D922564D834002C5F85 /* AppDelegate.swift */,
				534B3D942564D834002C5F85 /* SceneDelegate.swift */,
				534B3D982564D834002C5F85 /* Main.storyboard */,
				534B3D9B2564D835002C5F85 /* Assets.xcassets */,
				534B3D9D2564D835002C5F85 /* LaunchScreen.storyboard */,
				534B3DA02564D835002C5F85 /* Info.plist */,
			);
			path = movie_app;
			sourceTree = "<group>";
		};
		534B3DA82564D835002C5F85 /* movie_appTests */ = {
			isa = PBXGroup;
			children = (
				534B3DA92564D835002C5F85 /* movie_appTests.swift */,
				534B3DAB2564D835002C5F85 /* Info.plist */,
			);
			path = movie_appTests;
			sourceTree = "<group>";
		};
		534B3DB32564D835002C5F85 /* movie_appUITests */ = {
			isa = PBXGroup;
			children = (
				534B3DB42564D835002C5F85 /* movie_appUITests.swift */,
				534B3DB62564D835002C5F85 /* Info.plist */,
			);
			path = movie_appUITests;
			sourceTree = "<group>";
		};
		534B3DD62565EB4E002C5F85 /* Controllers */ = {
			isa = PBXGroup;
			children = (
				534B3DF52566D4BA002C5F85 /* MainTabViewController.swift */,
				534B3DFA2566E0B6002C5F85 /* ShowsViewController.swift */,
				534B3DFF2566E1C0002C5F85 /* FavoritesTableViewController.swift */,
			);
			path = Controllers;
			sourceTree = "<group>";
		};
		534B3DDC2565EBCD002C5F85 /* Networking */ = {
			isa = PBXGroup;
			children = (
				534B3DDD2565EC0B002C5F85 /* NetworkManager.swift */,
				534B3DE52565ECC7002C5F85 /* ApiResponses.swift */,
			);
			path = Networking;
			sourceTree = "<group>";
		};
/* End PBXGroup section */

/* Begin PBXNativeTarget section */
		534B3D8E2564D834002C5F85 /* movie_app */ = {
			isa = PBXNativeTarget;
			buildConfigurationList = 534B3DB92564D835002C5F85 /* Build configuration list for PBXNativeTarget "movie_app" */;
			buildPhases = (
				534B3D8B2564D834002C5F85 /* Sources */,
				534B3D8C2564D834002C5F85 /* Frameworks */,
				534B3D8D2564D834002C5F85 /* Resources */,
			);
			buildRules = (
			);
			dependencies = (
			);
			name = movie_app;
			productName = movie_app;
			productReference = 534B3D8F2564D834002C5F85 /* movie_app.app */;
			productType = "com.apple.product-type.application";
		};
		534B3DA42564D835002C5F85 /* movie_appTests */ = {
			isa = PBXNativeTarget;
			buildConfigurationList = 534B3DBC2564D835002C5F85 /* Build configuration list for PBXNativeTarget "movie_appTests" */;
			buildPhases = (
				534B3DA12564D835002C5F85 /* Sources */,
				534B3DA22564D835002C5F85 /* Frameworks */,
				534B3DA32564D835002C5F85 /* Resources */,
			);
			buildRules = (
			);
			dependencies = (
				534B3DA72564D835002C5F85 /* PBXTargetDependency */,
			);
			name = movie_appTests;
			productName = movie_appTests;
			productReference = 534B3DA52564D835002C5F85 /* movie_appTests.xctest */;
			productType = "com.apple.product-type.bundle.unit-test";
		};
		534B3DAF2564D835002C5F85 /* movie_appUITests */ = {
			isa = PBXNativeTarget;
			buildConfigurationList = 534B3DBF2564D835002C5F85 /* Build configuration list for PBXNativeTarget "movie_appUITests" */;
			buildPhases = (
				534B3DAC2564D835002C5F85 /* Sources */,
				534B3DAD2564D835002C5F85 /* Frameworks */,
				534B3DAE2564D835002C5F85 /* Resources */,
			);
			buildRules = (
			);
			dependencies = (
				534B3DB22564D835002C5F85 /* PBXTargetDependency */,
			);
			name = movie_appUITests;
			productName = movie_appUITests;
			productReference = 534B3DB02564D835002C5F85 /* movie_appUITests.xctest */;
			productType = "com.apple.product-type.bundle.ui-testing";
		};
/* End PBXNativeTarget section */

/* Begin PBXProject section */
		534B3D872564D834002C5F85 /* Project object */ = {
			isa = PBXProject;
			attributes = {
				LastSwiftUpdateCheck = 1220;
				LastUpgradeCheck = 1220;
				TargetAttributes = {
					534B3D8E2564D834002C5F85 = {
						CreatedOnToolsVersion = 12.2;
					};
					534B3DA42564D835002C5F85 = {
						CreatedOnToolsVersion = 12.2;
						TestTargetID = 534B3D8E2564D834002C5F85;
					};
					534B3DAF2564D835002C5F85 = {
						CreatedOnToolsVersion = 12.2;
						TestTargetID = 534B3D8E2564D834002C5F85;
					};
				};
			};
			buildConfigurationList = 534B3D8A2564D834002C5F85 /* Build configuration list for PBXProject "movie_app" */;
			compatibilityVersion = "Xcode 9.3";
			developmentRegion = en;
			hasScannedForEncodings = 0;
			knownRegions = (
				en,
				Base,
			);
			mainGroup = 534B3D862564D834002C5F85;
			productRefGroup = 534B3D902564D834002C5F85 /* Products */;
			projectDirPath = "";
			projectRoot = "";
			targets = (
				534B3D8E2564D834002C5F85 /* movie_app */,
				534B3DA42564D835002C5F85 /* movie_appTests */,
				534B3DAF2564D835002C5F85 /* movie_appUITests */,
			);
		};
/* End PBXProject section */

/* Begin PBXResourcesBuildPhase section */
		534B3D8D2564D834002C5F85 /* Resources */ = {
			isa = PBXResourcesBuildPhase;
			buildActionMask = 2147483647;
			files = (
				534B3D9F2564D835002C5F85 /* LaunchScreen.storyboard in Resources */,
				534B3D9C2564D835002C5F85 /* Assets.xcassets in Resources */,
				534B3D9A2564D834002C5F85 /* Main.storyboard in Resources */,
			);
			runOnlyForDeploymentPostprocessing = 0;
		};
		534B3DA32564D835002C5F85 /* Resources */ = {
			isa = PBXResourcesBuildPhase;
			buildActionMask = 2147483647;
			files = (
			);
			runOnlyForDeploymentPostprocessing = 0;
		};
		534B3DAE2564D835002C5F85 /* Resources */ = {
			isa = PBXResourcesBuildPhase;
			buildActionMask = 2147483647;
			files = (
			);
			runOnlyForDeploymentPostprocessing = 0;
		};
/* End PBXResourcesBuildPhase section */

/* Begin PBXSourcesBuildPhase section */
		534B3D8B2564D834002C5F85 /* Sources */ = {
			isa = PBXSourcesBuildPhase;
			buildActionMask = 2147483647;
			files = (
				534B3DF62566D4BA002C5F85 /* MainTabViewController.swift in Sources */,
				534B3DDE2565EC0B002C5F85 /* NetworkManager.swift in Sources */,
				534B3D932564D834002C5F85 /* AppDelegate.swift in Sources */,
				534B3DFB2566E0B6002C5F85 /* ShowsViewController.swift in Sources */,
				534B3DE62565ECC7002C5F85 /* ApiResponses.swift in Sources */,
				534B3E002566E1C0002C5F85 /* FavoritesTableViewController.swift in Sources */,
				534B3D952564D834002C5F85 /* SceneDelegate.swift in Sources */,
			);
			runOnlyForDeploymentPostprocessing = 0;
		};
		534B3DA12564D835002C5F85 /* Sources */ = {
			isa = PBXSourcesBuildPhase;
			buildActionMask = 2147483647;
			files = (
				534B3DAA2564D835002C5F85 /* movie_appTests.swift in Sources */,
			);
			runOnlyForDeploymentPostprocessing = 0;
		};
		534B3DAC2564D835002C5F85 /* Sources */ = {
			isa = PBXSourcesBuildPhase;
			buildActionMask = 2147483647;
			files = (
				534B3DB52564D835002C5F85 /* movie_appUITests.swift in Sources */,
			);
			runOnlyForDeploymentPostprocessing = 0;
		};
/* End PBXSourcesBuildPhase section */

/* Begin PBXTargetDependency section */
		534B3DA72564D835002C5F85 /* PBXTargetDependency */ = {
			isa = PBXTargetDependency;
			target = 534B3D8E2564D834002C5F85 /* movie_app */;
			targetProxy = 534B3DA62564D835002C5F85 /* PBXContainerItemProxy */;
		};
		534B3DB22564D835002C5F85 /* PBXTargetDependency */ = {
			isa = PBXTargetDependency;
			target = 534B3D8E2564D834002C5F85 /* movie_app */;
			targetProxy = 534B3DB12564D835002C5F85 /* PBXContainerItemProxy */;
		};
/* End PBXTargetDependency section */

/* Begin PBXVariantGroup section */
		534B3D982564D834002C5F85 /* Main.storyboard */ = {
			isa = PBXVariantGroup;
			children = (
				534B3D992564D834002C5F85 /* Base */,
			);
			name = Main.storyboard;
			sourceTree = "<group>";
		};
		534B3D9D2564D835002C5F85 /* LaunchScreen.storyboard */ = {
			isa = PBXVariantGroup;
			children = (
				534B3D9E2564D835002C5F85 /* Base */,
			);
			name = LaunchScreen.storyboard;
			sourceTree = "<group>";
		};
/* End PBXVariantGroup section */

/* Begin XCBuildConfiguration section */
		534B3DB72564D835002C5F85 /* Debug */ = {
			isa = XCBuildConfiguration;
			buildSettings = {
				ALWAYS_SEARCH_USER_PATHS = NO;
				CLANG_ANALYZER_NONNULL = YES;
				CLANG_ANALYZER_NUMBER_OBJECT_CONVERSION = YES_AGGRESSIVE;
				CLANG_CXX_LANGUAGE_STANDARD = "gnu++14";
				CLANG_CXX_LIBRARY = "libc++";
				CLANG_ENABLE_MODULES = YES;
				CLANG_ENABLE_OBJC_ARC = YES;
				CLANG_ENABLE_OBJC_WEAK = YES;
				CLANG_WARN_BLOCK_CAPTURE_AUTORELEASING = YES;
				CLANG_WARN_BOOL_CONVERSION = YES;
				CLANG_WARN_COMMA = YES;
				CLANG_WARN_CONSTANT_CONVERSION = YES;
				CLANG_WARN_DEPRECATED_OBJC_IMPLEMENTATIONS = YES;
				CLANG_WARN_DIRECT_OBJC_ISA_USAGE = YES_ERROR;
				CLANG_WARN_DOCUMENTATION_COMMENTS = YES;
				CLANG_WARN_EMPTY_BODY = YES;
				CLANG_WARN_ENUM_CONVERSION = YES;
				CLANG_WARN_INFINITE_RECURSION = YES;
				CLANG_WARN_INT_CONVERSION = YES;
				CLANG_WARN_NON_LITERAL_NULL_CONVERSION = YES;
				CLANG_WARN_OBJC_IMPLICIT_RETAIN_SELF = YES;
				CLANG_WARN_OBJC_LITERAL_CONVERSION = YES;
				CLANG_WARN_OBJC_ROOT_CLASS = YES_ERROR;
				CLANG_WARN_QUOTED_INCLUDE_IN_FRAMEWORK_HEADER = YES;
				CLANG_WARN_RANGE_LOOP_ANALYSIS = YES;
				CLANG_WARN_STRICT_PROTOTYPES = YES;
				CLANG_WARN_SUSPICIOUS_MOVE = YES;
				CLANG_WARN_UNGUARDED_AVAILABILITY = YES_AGGRESSIVE;
				CLANG_WARN_UNREACHABLE_CODE = YES;
				CLANG_WARN__DUPLICATE_METHOD_MATCH = YES;
				COPY_PHASE_STRIP = NO;
				DEBUG_INFORMATION_FORMAT = dwarf;
				ENABLE_STRICT_OBJC_MSGSEND = YES;
				ENABLE_TESTABILITY = YES;
				GCC_C_LANGUAGE_STANDARD = gnu11;
				GCC_DYNAMIC_NO_PIC = NO;
				GCC_NO_COMMON_BLOCKS = YES;
				GCC_OPTIMIZATION_LEVEL = 0;
				GCC_PREPROCESSOR_DEFINITIONS = (
					"DEBUG=1",
					"$(inherited)",
				);
				GCC_WARN_64_TO_32_BIT_CONVERSION = YES;
				GCC_WARN_ABOUT_RETURN_TYPE = YES_ERROR;
				GCC_WARN_UNDECLARED_SELECTOR = YES;
				GCC_WARN_UNINITIALIZED_AUTOS = YES_AGGRESSIVE;
				GCC_WARN_UNUSED_FUNCTION = YES;
				GCC_WARN_UNUSED_VARIABLE = YES;
				IPHONEOS_DEPLOYMENT_TARGET = 14.2;
				MTL_ENABLE_DEBUG_INFO = INCLUDE_SOURCE;
				MTL_FAST_MATH = YES;
				ONLY_ACTIVE_ARCH = YES;
				SDKROOT = iphoneos;
				SWIFT_ACTIVE_COMPILATION_CONDITIONS = DEBUG;
				SWIFT_OPTIMIZATION_LEVEL = "-Onone";
			};
			name = Debug;
		};
		534B3DB82564D835002C5F85 /* Release */ = {
			isa = XCBuildConfiguration;
			buildSettings = {
				ALWAYS_SEARCH_USER_PATHS = NO;
				CLANG_ANALYZER_NONNULL = YES;
				CLANG_ANALYZER_NUMBER_OBJECT_CONVERSION = YES_AGGRESSIVE;
				CLANG_CXX_LANGUAGE_STANDARD = "gnu++14";
				CLANG_CXX_LIBRARY = "libc++";
				CLANG_ENABLE_MODULES = YES;
				CLANG_ENABLE_OBJC_ARC = YES;
				CLANG_ENABLE_OBJC_WEAK = YES;
				CLANG_WARN_BLOCK_CAPTURE_AUTORELEASING = YES;
				CLANG_WARN_BOOL_CONVERSION = YES;
				CLANG_WARN_COMMA = YES;
				CLANG_WARN_CONSTANT_CONVERSION = YES;
				CLANG_WARN_DEPRECATED_OBJC_IMPLEMENTATIONS = YES;
				CLANG_WARN_DIRECT_OBJC_ISA_USAGE = YES_ERROR;
				CLANG_WARN_DOCUMENTATION_COMMENTS = YES;
				CLANG_WARN_EMPTY_BODY = YES;
				CLANG_WARN_ENUM_CONVERSION = YES;
				CLANG_WARN_INFINITE_RECURSION = YES;
				CLANG_WARN_INT_CONVERSION = YES;
				CLANG_WARN_NON_LITERAL_NULL_CONVERSION = YES;
				CLANG_WARN_OBJC_IMPLICIT_RETAIN_SELF = YES;
				CLANG_WARN_OBJC_LITERAL_CONVERSION = YES;
				CLANG_WARN_OBJC_ROOT_CLASS = YES_ERROR;
				CLANG_WARN_QUOTED_INCLUDE_IN_FRAMEWORK_HEADER = YES;
				CLANG_WARN_RANGE_LOOP_ANALYSIS = YES;
				CLANG_WARN_STRICT_PROTOTYPES = YES;
				CLANG_WARN_SUSPICIOUS_MOVE = YES;
				CLANG_WARN_UNGUARDED_AVAILABILITY = YES_AGGRESSIVE;
				CLANG_WARN_UNREACHABLE_CODE = YES;
				CLANG_WARN__DUPLICATE_METHOD_MATCH = YES;
				COPY_PHASE_STRIP = NO;
				DEBUG_INFORMATION_FORMAT = "dwarf-with-dsym";
				ENABLE_NS_ASSERTIONS = NO;
				ENABLE_STRICT_OBJC_MSGSEND = YES;
				GCC_C_LANGUAGE_STANDARD = gnu11;
				GCC_NO_COMMON_BLOCKS = YES;
				GCC_WARN_64_TO_32_BIT_CONVERSION = YES;
				GCC_WARN_ABOUT_RETURN_TYPE = YES_ERROR;
				GCC_WARN_UNDECLARED_SELECTOR = YES;
				GCC_WARN_UNINITIALIZED_AUTOS = YES_AGGRESSIVE;
				GCC_WARN_UNUSED_FUNCTION = YES;
				GCC_WARN_UNUSED_VARIABLE = YES;
				IPHONEOS_DEPLOYMENT_TARGET = 14.2;
				MTL_ENABLE_DEBUG_INFO = NO;
				MTL_FAST_MATH = YES;
				SDKROOT = iphoneos;
				SWIFT_COMPILATION_MODE = wholemodule;
				SWIFT_OPTIMIZATION_LEVEL = "-O";
				VALIDATE_PRODUCT = YES;
			};
			name = Release;
		};
		534B3DBA2564D835002C5F85 /* Debug */ = {
			isa = XCBuildConfiguration;
			buildSettings = {
				ASSETCATALOG_COMPILER_APPICON_NAME = AppIcon;
				ASSETCATALOG_COMPILER_GLOBAL_ACCENT_COLOR_NAME = AccentColor;
				CODE_SIGN_STYLE = Automatic;
				DEVELOPMENT_TEAM = GCL427WC9H;
				INFOPLIST_FILE = movie_app/Info.plist;
				LD_RUNPATH_SEARCH_PATHS = (
					"$(inherited)",
					"@executable_path/Frameworks",
				);
				PRODUCT_BUNDLE_IDENTIFIER = "org.avelar.azteca.movie-app";
				PRODUCT_NAME = "$(TARGET_NAME)";
				SWIFT_VERSION = 5.0;
				TARGETED_DEVICE_FAMILY = "1,2";
			};
			name = Debug;
		};
		534B3DBB2564D835002C5F85 /* Release */ = {
			isa = XCBuildConfiguration;
			buildSettings = {
				ASSETCATALOG_COMPILER_APPICON_NAME = AppIcon;
				ASSETCATALOG_COMPILER_GLOBAL_ACCENT_COLOR_NAME = AccentColor;
				CODE_SIGN_STYLE = Automatic;
				DEVELOPMENT_TEAM = GCL427WC9H;
				INFOPLIST_FILE = movie_app/Info.plist;
				LD_RUNPATH_SEARCH_PATHS = (
					"$(inherited)",
					"@executable_path/Frameworks",
				);
				PRODUCT_BUNDLE_IDENTIFIER = "org.avelar.azteca.movie-app";
				PRODUCT_NAME = "$(TARGET_NAME)";
				SWIFT_VERSION = 5.0;
				TARGETED_DEVICE_FAMILY = "1,2";
			};
			name = Release;
		};
		534B3DBD2564D835002C5F85 /* Debug */ = {
			isa = XCBuildConfiguration;
			buildSettings = {
				ALWAYS_EMBED_SWIFT_STANDARD_LIBRARIES = YES;
				BUNDLE_LOADER = "$(TEST_HOST)";
				CODE_SIGN_STYLE = Automatic;
				DEVELOPMENT_TEAM = GCL427WC9H;
				INFOPLIST_FILE = movie_appTests/Info.plist;
				IPHONEOS_DEPLOYMENT_TARGET = 14.2;
				LD_RUNPATH_SEARCH_PATHS = (
					"$(inherited)",
					"@executable_path/Frameworks",
					"@loader_path/Frameworks",
				);
				PRODUCT_BUNDLE_IDENTIFIER = "org.avelar.azteca.movie-appTests";
				PRODUCT_NAME = "$(TARGET_NAME)";
				SWIFT_VERSION = 5.0;
				TARGETED_DEVICE_FAMILY = "1,2";
				TEST_HOST = "$(BUILT_PRODUCTS_DIR)/movie_app.app/movie_app";
			};
			name = Debug;
		};
		534B3DBE2564D835002C5F85 /* Release */ = {
			isa = XCBuildConfiguration;
			buildSettings = {
				ALWAYS_EMBED_SWIFT_STANDARD_LIBRARIES = YES;
				BUNDLE_LOADER = "$(TEST_HOST)";
				CODE_SIGN_STYLE = Automatic;
				DEVELOPMENT_TEAM = GCL427WC9H;
				INFOPLIST_FILE = movie_appTests/Info.plist;
				IPHONEOS_DEPLOYMENT_TARGET = 14.2;
				LD_RUNPATH_SEARCH_PATHS = (
					"$(inherited)",
					"@executable_path/Frameworks",
					"@loader_path/Frameworks",
				);
				PRODUCT_BUNDLE_IDENTIFIER = "org.avelar.azteca.movie-appTests";
				PRODUCT_NAME = "$(TARGET_NAME)";
				SWIFT_VERSION = 5.0;
				TARGETED_DEVICE_FAMILY = "1,2";
				TEST_HOST = "$(BUILT_PRODUCTS_DIR)/movie_app.app/movie_app";
			};
			name = Release;
		};
		534B3DC02564D835002C5F85 /* Debug */ = {
			isa = XCBuildConfiguration;
			buildSettings = {
				ALWAYS_EMBED_SWIFT_STANDARD_LIBRARIES = YES;
				CODE_SIGN_STYLE = Automatic;
				DEVELOPMENT_TEAM = GCL427WC9H;
				INFOPLIST_FILE = movie_appUITests/Info.plist;
				LD_RUNPATH_SEARCH_PATHS = (
					"$(inherited)",
					"@executable_path/Frameworks",
					"@loader_path/Frameworks",
				);
				PRODUCT_BUNDLE_IDENTIFIER = "org.avelar.azteca.movie-appUITests";
				PRODUCT_NAME = "$(TARGET_NAME)";
				SWIFT_VERSION = 5.0;
				TARGETED_DEVICE_FAMILY = "1,2";
				TEST_TARGET_NAME = movie_app;
			};
			name = Debug;
		};
		534B3DC12564D835002C5F85 /* Release */ = {
			isa = XCBuildConfiguration;
			buildSettings = {
				ALWAYS_EMBED_SWIFT_STANDARD_LIBRARIES = YES;
				CODE_SIGN_STYLE = Automatic;
				DEVELOPMENT_TEAM = GCL427WC9H;
				INFOPLIST_FILE = movie_appUITests/Info.plist;
				LD_RUNPATH_SEARCH_PATHS = (
					"$(inherited)",
					"@executable_path/Frameworks",
					"@loader_path/Frameworks",
				);
				PRODUCT_BUNDLE_IDENTIFIER = "org.avelar.azteca.movie-appUITests";
				PRODUCT_NAME = "$(TARGET_NAME)";
				SWIFT_VERSION = 5.0;
				TARGETED_DEVICE_FAMILY = "1,2";
				TEST_TARGET_NAME = movie_app;
			};
			name = Release;
		};
/* End XCBuildConfiguration section */

/* Begin XCConfigurationList section */
		534B3D8A2564D834002C5F85 /* Build configuration list for PBXProject "movie_app" */ = {
			isa = XCConfigurationList;
			buildConfigurations = (
				534B3DB72564D835002C5F85 /* Debug */,
				534B3DB82564D835002C5F85 /* Release */,
			);
			defaultConfigurationIsVisible = 0;
			defaultConfigurationName = Release;
		};
		534B3DB92564D835002C5F85 /* Build configuration list for PBXNativeTarget "movie_app" */ = {
			isa = XCConfigurationList;
			buildConfigurations = (
				534B3DBA2564D835002C5F85 /* Debug */,
				534B3DBB2564D835002C5F85 /* Release */,
			);
			defaultConfigurationIsVisible = 0;
			defaultConfigurationName = Release;
		};
		534B3DBC2564D835002C5F85 /* Build configuration list for PBXNativeTarget "movie_appTests" */ = {
			isa = XCConfigurationList;
			buildConfigurations = (
				534B3DBD2564D835002C5F85 /* Debug */,
				534B3DBE2564D835002C5F85 /* Release */,
			);
			defaultConfigurationIsVisible = 0;
			defaultConfigurationName = Release;
		};
		534B3DBF2564D835002C5F85 /* Build configuration list for PBXNativeTarget "movie_appUITests" */ = {
			isa = XCConfigurationList;
			buildConfigurations = (
				534B3DC02564D835002C5F85 /* Debug */,
				534B3DC12564D835002C5F85 /* Release */,
			);
			defaultConfigurationIsVisible = 0;
			defaultConfigurationName = Release;
		};
/* End XCConfigurationList section */
	};
	rootObject = 534B3D872564D834002C5F85 /* Project object */;
}
